
Microsoft Visual Studio Solution File, Format Version 12.00
# Visual Studio 15
VisualStudioVersion = 15.0.28010.2050
MinimumVisualStudioVersion = 10.0.40219.1
Project("{FAE04EC0-301F-11D3-BF4B-00C04F79EFBC}") = "TestAS", "TestAS\TestAS.csproj", "{831EA5D6-A9C4-4075-94EE-F1715ADF39D4}"
EndProject
Global
	GlobalSection(SolutionConfigurationPlatforms) = preSolution
		Debug|Any CPU = Debug|Any CPU
		Release|Any CPU = Release|Any CPU
	EndGlobalSection
	GlobalSection(ProjectConfigurationPlatforms) = postSolution
		{831EA5D6-A9C4-4075-94EE-F1715ADF39D4}.Debug|Any CPU.ActiveCfg = Debug|Any CPU
		{831EA5D6-A9C4-4075-94EE-F1715ADF39D4}.Debug|Any CPU.Build.0 = Debug|Any CPU
		{831EA5D6-A9C4-4075-94EE-F1715ADF39D4}.Release|Any CPU.ActiveCfg = Release|Any CPU
		{831EA5D6-A9C4-4075-94EE-F1715ADF39D4}.Release|Any CPU.Build.0 = Release|Any CPU
	EndGlobalSection
	GlobalSection(SolutionProperties) = preSolution
		HideSolutionNode = FALSE
	EndGlobalSection
	GlobalSection(ExtensibilityGlobals) = postSolution
		SolutionGuid = {2F35DADC-0E07-4877-94CC-5218D80039A5}
	EndGlobalSection
EndGlobal
